PODS:
  - QBImagePickerController (3.4.0)
  - RSKImageCropper (2.0.0)

DEPENDENCIES:
  - QBImagePickerController
  - RSKImageCropper

SPEC CHECKSUMS:
  QBImagePickerController: d54cf93db6decf26baf6ed3472f336ef35cae022
  RSKImageCropper: d9a1acbc0600bf8decc8f0d21895872c99a9e4cf

PODFILE CHECKSUM: 8c39b191b8edb0c476caf98e0a80f93a21e9a0e2

COCOAPODS: 1.3.1
